{
  "name": "desktop-toolkit-monorepo",
  "version": "1.0.1",
  "lockfileVersion": 3,
  "requires": true,
  "packages": {
    "": {
      "name": "desktop-toolkit-monorepo",
      "version": "1.0.1",
      "license": "MIT",
      "workspaces": [
        "js/packages/*"
      ],
      "engines": {
        "node": ">=20"
      }
    },
    "js/packages/desktop-toolkit": {
      "name": "@chamber-19/desktop-toolkit",
      "version": "2.3.0",
      "license": "MIT",
      "dependencies": {
        "dompurify": "^3.4.1",
        "marked": "^18.0.2"
      },
      "bin": {
        "desktop-toolkit-sync-installer-assets": "build-scripts/sync-installer-assets.mjs"
      },
      "peerDependencies": {
        "react": ">=18",
        "react-dom": ">=18"
      }
    },
    "node_modules/@chamber-19/desktop-toolkit": {
      "resolved": "js/packages/desktop-toolkit",
      "link": true
    },
    "node_modules/@types/trusted-types": {
      "version": "2.0.7",
      "resolved": "https://registry.npmjs.org/@types/trusted-types/-/trusted-types-2.0.7.tgz",
      "integrity": "sha512-ScaPdn1dQczgbl0QFTeTOmVHFULt394XJgOQNoyVhZ6r2vLnMLJfBPd53SB52T/3G36VI1/g2MZaX0cwDuXsfw==",
      "license": "MIT",
      "optional": true
    },
    "node_modules/dompurify": {
      "version": "3.4.1",
      "resolved": "https://registry.npmjs.org/dompurify/-/dompurify-3.4.1.tgz",
      "integrity": "sha512-JahakDAIg1gyOm7dlgWSDjV4n7Ip2PKR55NIT6jrMfIgLFgWo81vdr1/QGqWtFNRqXP9UV71oVePtjqS2ebnPw==",
      "license": "(MPL-2.0 OR Apache-2.0)",
      "optionalDependencies": {
        "@types/trusted-types": "^2.0.7"
      }
    },
    "node_modules/marked": {
      "version": "18.0.2",
      "resolved": "https://registry.npmjs.org/marked/-/marked-18.0.2.tgz",
      "integrity": "sha512-NsmlUYBS/Zg57rgDWMYdnre6OTj4e+qq/JS2ot3KrYLSoHLw+sDu0Nm1ZGpRgYAq6c+b1ekaY5NzVchMCQnzcg==",
      "license": "MIT",
      "bin": {
        "marked": "bin/marked.js"
      },
      "engines": {
        "node": ">= 20"
      }
    },
    "node_modules/react": {
      "version": "19.2.5",
      "resolved": "https://registry.npmjs.org/react/-/react-19.2.5.tgz",
      "integrity": "sha512-llUJLzz1zTUBrskt2pwZgLq59AemifIftw4aB7JxOqf1HY2FDaGDxgwpAPVzHU1kdWabH7FauP4i1oEeer2WCA==",
      "license": "MIT",
      "peer": true,
      "engines": {
        "node": ">=0.10.0"
      }
    },
    "node_modules/react-dom": {
      "version": "19.2.5",
      "resolved": "https://registry.npmjs.org/react-dom/-/react-dom-19.2.5.tgz",
      "integrity": "sha512-J5bAZz+DXMMwW/wV3xzKke59Af6CHY7G4uYLN1OvBcKEsWOs4pQExj86BBKamxl/Ik5bx9whOrvBlSDfWzgSag==",
      "license": "MIT",
      "peer": true,
      "dependencies": {
        "scheduler": "^0.27.0"
      },
      "peerDependencies": {
        "react": "^19.2.5"
      }
    },
    "node_modules/scheduler": {
      "version": "0.27.0",
      "resolved": "https://registry.npmjs.org/scheduler/-/scheduler-0.27.0.tgz",
      "integrity": "sha512-eNv+WrVbKu1f3vbYJT/xtiF5syA5HPIMtf9IgY/nKg0sWqzAUEvqY/xm7OcZc/qafLx/iO9FgOmeSAp4v5ti/Q==",
      "license": "MIT",
      "peer": true
    }
  }
}
